{
  "name": "all-metrics-workflow-kit",
  "version": "0.6.0-private-install-export",
  "lockfileVersion": 3,
  "requires": true,
  "packages": {
    "": {
      "name": "all-metrics-workflow-kit",
      "version": "0.6.0-private-install-export",
      "license": "MIT",
      "bin": {
        "workflow-kit": "bin/workflow-kit.mjs"
      },
      "engines": {
        "node": ">=20"
      }
    }
  }
}
